
Microsoft Visual Studio Solution File, Format Version 12.00
# Visual Studio Version 17
VisualStudioVersion = 17.7.34031.279
MinimumVisualStudioVersion = 10.0.40219.1
Project("{FAE04EC0-301F-11D3-BF4B-00C04F79EFBC}") = "ProjekatB-Flappy Bird", "ProjekatB-Flappy Bird\ProjekatB-Flappy Bird.csproj", "{B90904AC-2374-4446-B63C-D089D92ED61F}"
EndProject
Global
	GlobalSection(SolutionConfigurationPlatforms) = preSolution
		Debug|Any CPU = Debug|Any CPU
		Release|Any CPU = Release|Any CPU
	EndGlobalSection
	GlobalSection(ProjectConfigurationPlatforms) = postSolution
		{B90904AC-2374-4446-B63C-D089D92ED61F}.Debug|Any CPU.ActiveCfg = Debug|Any CPU
		{B90904AC-2374-4446-B63C-D089D92ED61F}.Debug|Any CPU.Build.0 = Debug|Any CPU
		{B90904AC-2374-4446-B63C-D089D92ED61F}.Release|Any CPU.ActiveCfg = Release|Any CPU
		{B90904AC-2374-4446-B63C-D089D92ED61F}.Release|Any CPU.Build.0 = Release|Any CPU
	EndGlobalSection
	GlobalSection(SolutionProperties) = preSolution
		HideSolutionNode = FALSE
	EndGlobalSection
	GlobalSection(ExtensibilityGlobals) = postSolution
		SolutionGuid = {4EAB31D9-2A3F-4AD3-8E68-B5AFAD7354C0}
	EndGlobalSection
EndGlobal
